// !$*UTF8*$!
{
	archiveVersion = 1;
	classes = {
	};
	objectVersion = 46;
	objects = {

/* Begin PBXBuildFile section */
		D341C6E01FC42037008C9F25 /* main.m in Sources */ = {isa = PBXBuildFile; fileRef = D341C6DF1FC42037008C9F25 /* main.m */; };
		D341C6E31FC42037008C9F25 /* AppDelegate.m in Sources */ = {isa = PBXBuildFile; fileRef = D341C6E21FC42037008C9F25 /* AppDelegate.m */; };
		D341C6E61FC42037008C9F25 /* ViewController.m in Sources */ = {isa = PBXBuildFile; fileRef = D341C6E51FC42037008C9F25 /* ViewController.m */; };
		D341C6E91FC42037008C9F25 /* Main.storyboard in Resources */ = {isa = PBXBuildFile; fileRef = D341C6E71FC42037008C9F25 /* Main.storyboard */; };
		D341C6EB1FC42037008C9F25 /* Assets.xcassets in Resources */ = {isa = PBXBuildFile; fileRef = D341C6EA1FC42037008C9F25 /* Assets.xcassets */; };
		D341C6EE1FC42037008C9F25 /* LaunchScreen.storyboard in Resources */ = {isa = PBXBuildFile; fileRef = D341C6EC1FC42037008C9F25 /* LaunchScreen.storyboard */; };
		D341C6FA1FC42056008C9F25 /* LLPieView.m in Sources */ = {isa = PBXBuildFile; fileRef = D341C6F71FC42056008C9F25 /* LLPieView.m */; };
		D341C6FB1FC42056008C9F25 /* LLShapeLayer.m in Sources */ = {isa = PBXBuildFile; fileRef = D341C6F91FC42056008C9F25 /* LLShapeLayer.m */; };
		D341C6FD1FC42095008C9F25 /* ss@2x.png in Resources */ = {isa = PBXBuildFile; fileRef = D341C6FC1FC42095008C9F25 /* ss@2x.png */; };
/* End PBXBuildFile section */

/* Begin PBXFileReference section */
		D341C6DB1FC42037008C9F25 /* LLPieView.app */ = {isa = PBXFileReference; explicitFileType = wrapper.application; includeInIndex = 0; path = LLPieView.app; sourceTree = BUILT_PRODUCTS_DIR; };
		D341C6DF1FC42037008C9F25 /* main.m */ = {isa = PBXFileReference; lastKnownFileType = sourcecode.c.objc; path = main.m; sourceTree = "<group>"; };
		D341C6E11FC42037008C9F25 /* AppDelegate.h */ = {isa = PBXFileReference; lastKnownFileType = sourcecode.c.h; path = AppDelegate.h; sourceTree = "<group>"; };
		D341C6E21FC42037008C9F25 /* AppDelegate.m */ = {isa = PBXFileReference; lastKnownFileType = sourcecode.c.objc; path = AppDelegate.m; sourceTree = "<group>"; };
		D341C6E41FC42037008C9F25 /* ViewController.h */ = {isa = PBXFileReference; lastKnownFileType = sourcecode.c.h; path = ViewController.h; sourceTree = "<group>"; };
		D341C6E51FC42037008C9F25 /* ViewController.m */ = {isa = PBXFileReference; lastKnownFileType = sourcecode.c.objc; path = ViewController.m; sourceTree = "<group>"; };
		D341C6E81FC42037008C9F25 /* Base */ = {isa = PBXFileReference; lastKnownFileType = file.storyboard; name = Base; path = Base.lproj/Main.storyboard; sourceTree = "<group>"; };
		D341C6EA1FC42037008C9F25 /* Assets.xcassets */ = {isa = PBXFileReference; lastKnownFileType = folder.assetcatalog; path = Assets.xcassets; sourceTree = "<group>"; };
		D341C6ED1FC42037008C9F25 /* Base */ = {isa = PBXFileReference; lastKnownFileType = file.storyboard; name = Base; path = Base.lproj/LaunchScreen.storyboard; sourceTree = "<group>"; };
		D341C6EF1FC42037008C9F25 /* Info.plist */ = {isa = PBXFileReference; lastKnownFileType = text.plist.xml; path = Info.plist; sourceTree = "<group>"; };
		D341C6F61FC42056008C9F25 /* LLPieView.h */ = {isa = PBXFileReference; fileEncoding = 4; lastKnownFileType = sourcecode.c.h; path = LLPieView.h; sourceTree = "<group>"; };
		D341C6F71FC42056008C9F25 /* LLPieView.m */ = {isa = PBXFileReference; fileEncoding = 4; lastKnownFileType = sourcecode.c.objc; path = LLPieView.m; sourceTree = "<group>"; };
		D341C6F81FC42056008C9F25 /* LLShapeLayer.h */ = {isa = PBXFileReference; fileEncoding = 4; lastKnownFileType = sourcecode.c.h; path = LLShapeLayer.h; sourceTree = "<group>"; };
		D341C6F91FC42056008C9F25 /* LLShapeLayer.m */ = {isa = PBXFileReference; fileEncoding = 4; lastKnownFileType = sourcecode.c.objc; path = LLShapeLayer.m; sourceTree = "<group>"; };
		D341C6FC1FC42095008C9F25 /* ss@2x.png */ = {isa = PBXFileReference; lastKnownFileType = image.png; path = "ss@2x.png"; sourceTree = "<group>"; };
/* End PBXFileReference section */

/* Begin PBXFrameworksBuildPhase section */
		D341C6D81FC42037008C9F25 /* Frameworks */ = {
			isa = PBXFrameworksBuildPhase;
			buildActionMask = 2147483647;
			files = (
			);
			runOnlyForDeploymentPostprocessing = 0;
		};
/* End PBXFrameworksBuildPhase section */

/* Begin PBXGroup section */
		D341C6D21FC42037008C9F25 = {
			isa = PBXGroup;
			children = (
				D341C6DD1FC42037008C9F25 /* LLPieView */,
				D341C6DC1FC42037008C9F25 /* Products */,
			);
			sourceTree = "<group>";
		};
		D341C6DC1FC42037008C9F25 /* Products */ = {
			isa = PBXGroup;
			children = (
				D341C6DB1FC42037008C9F25 /* LLPieView.app */,
			);
			name = Products;
			sourceTree = "<group>";
		};
		D341C6DD1FC42037008C9F25 /* LLPieView */ = {
			isa = PBXGroup;
			children = (
				D341C6F51FC42052008C9F25 /* LLPieView */,
				D341C6E11FC42037008C9F25 /* AppDelegate.h */,
				D341C6E21FC42037008C9F25 /* AppDelegate.m */,
				D341C6E41FC42037008C9F25 /* ViewController.h */,
				D341C6E51FC42037008C9F25 /* ViewController.m */,
				D341C6E71FC42037008C9F25 /* Main.storyboard */,
				D341C6FC1FC42095008C9F25 /* ss@2x.png */,
				D341C6EA1FC42037008C9F25 /* Assets.xcassets */,
				D341C6EC1FC42037008C9F25 /* LaunchScreen.storyboard */,
				D341C6EF1FC42037008C9F25 /* Info.plist */,
				D341C6DE1FC42037008C9F25 /* Supporting Files */,
			);
			path = LLPieView;
			sourceTree = "<group>";
		};
		D341C6DE1FC42037008C9F25 /* Supporting Files */ = {
			isa = PBXGroup;
			children = (
				D341C6DF1FC42037008C9F25 /* main.m */,
			);
			name = "Supporting Files";
			sourceTree = "<group>";
		};
		D341C6F51FC42052008C9F25 /* LLPieView */ = {
			isa = PBXGroup;
			children = (
				D341C6F61FC42056008C9F25 /* LLPieView.h */,
				D341C6F71FC42056008C9F25 /* LLPieView.m */,
				D341C6F81FC42056008C9F25 /* LLShapeLayer.h */,
				D341C6F91FC42056008C9F25 /* LLShapeLayer.m */,
			);
			path = LLPieView;
			sourceTree = "<group>";
		};
/* End PBXGroup section */

/* Begin PBXNativeTarget section */
		D341C6DA1FC42037008C9F25 /* LLPieView */ = {
			isa = PBXNativeTarget;
			buildConfigurationList = D341C6F21FC42037008C9F25 /* Build configuration list for PBXNativeTarget "LLPieView" */;
			buildPhases = (
				D341C6D71FC42037008C9F25 /* Sources */,
				D341C6D81FC42037008C9F25 /* Frameworks */,
				D341C6D91FC42037008C9F25 /* Resources */,
			);
			buildRules = (
			);
			dependencies = (
			);
			name = LLPieView;
			productName = LLPieView;
			productReference = D341C6DB1FC42037008C9F25 /* LLPieView.app */;
			productType = "com.apple.product-type.application";
		};
/* End PBXNativeTarget section */

/* Begin PBXProject section */
		D341C6D31FC42037008C9F25 /* Project object */ = {
			isa = PBXProject;
			attributes = {
				LastUpgradeCheck = 0830;
				ORGANIZATIONNAME = LOLITA0164;
				TargetAttributes = {
					D341C6DA1FC42037008C9F25 = {
						CreatedOnToolsVersion = 8.3.3;
						DevelopmentTeam = DY8NXRF8KD;
						ProvisioningStyle = Automatic;
					};
				};
			};
			buildConfigurationList = D341C6D61FC42037008C9F25 /* Build configuration list for PBXProject "LLPieView" */;
			compatibilityVersion = "Xcode 3.2";
			developmentRegion = English;
			hasScannedForEncodings = 0;
			knownRegions = (
				en,
				Base,
			);
			mainGroup = D341C6D21FC42037008C9F25;
			productRefGroup = D341C6DC1FC42037008C9F25 /* Products */;
			projectDirPath = "";
			projectRoot = "";
			targets = (
				D341C6DA1FC42037008C9F25 /* LLPieView */,
			);
		};
/* End PBXProject section */

/* Begin PBXResourcesBuildPhase section */
		D341C6D91FC42037008C9F25 /* Resources */ = {
			isa = PBXResourcesBuildPhase;
			buildActionMask = 2147483647;
			files = (
				D341C6FD1FC42095008C9F25 /* ss@2x.png in Resources */,
				D341C6EE1FC42037008C9F25 /* LaunchScreen.storyboard in Resources */,
				D341C6EB1FC42037008C9F25 /* Assets.xcassets in Resources */,
				D341C6E91FC42037008C9F25 /* Main.storyboard in Resources */,
			);
			runOnlyForDeploymentPostprocessing = 0;
		};
/* End PBXResourcesBuildPhase section */

/* Begin PBXSourcesBuildPhase section */
		D341C6D71FC42037008C9F25 /* Sources */ = {
			isa = PBXSourcesBuildPhase;
			buildActionMask = 2147483647;
			files = (
				D341C6E61FC42037008C9F25 /* ViewController.m in Sources */,
				D341C6E31FC42037008C9F25 /* AppDelegate.m in Sources */,
				D341C6FB1FC42056008C9F25 /* LLShapeLayer.m in Sources */,
				D341C6E01FC42037008C9F25 /* main.m in Sources */,
				D341C6FA1FC42056008C9F25 /* LLPieView.m in Sources */,
			);
			runOnlyForDeploymentPostprocessing = 0;
		};
/* End PBXSourcesBuildPhase section */

/* Begin PBXVariantGroup section */
		D341C6E71FC42037008C9F25 /* Main.storyboard */ = {
			isa = PBXVariantGroup;
			children = (
				D341C6E81FC42037008C9F25 /* Base */,
			);
			name = Main.storyboard;
			sourceTree = "<group>";
		};
		D341C6EC1FC42037008C9F25 /* LaunchScreen.storyboard */ = {
			isa = PBXVariantGroup;
			children = (
				D341C6ED1FC42037008C9F25 /* Base */,
			);
			name = LaunchScreen.storyboard;
			sourceTree = "<group>";
		};
/* End PBXVariantGroup section */

/* Begin XCBuildConfiguration section */
		D341C6F01FC42037008C9F25 /* Debug */ = {
			isa = XCBuildConfiguration;
			buildSettings = {
				ALWAYS_SEARCH_USER_PATHS = NO;
				CLANG_ANALYZER_NONNULL = YES;
				CLANG_ANALYZER_NUMBER_OBJECT_CONVERSION = YES_AGGRESSIVE;
				CLANG_CXX_LANGUAGE_STANDARD = "gnu++0x";
				CLANG_CXX_LIBRARY = "libc++";
				CLANG_ENABLE_MODULES = YES;
				CLANG_ENABLE_OBJC_ARC = YES;
				CLANG_WARN_BOOL_CONVERSION = YES;
				CLANG_WARN_CONSTANT_CONVERSION = YES;
				CLANG_WARN_DIRECT_OBJC_ISA_USAGE = YES_ERROR;
				CLANG_WARN_DOCUMENTATION_COMMENTS = YES;
				CLANG_WARN_EMPTY_BODY = YES;
				CLANG_WARN_ENUM_CONVERSION = YES;
				CLANG_WARN_INFINITE_RECURSION = YES;
				CLANG_WARN_INT_CONVERSION = YES;
				CLANG_WARN_OBJC_ROOT_CLASS = YES_ERROR;
				CLANG_WARN_SUSPICIOUS_MOVE = YES;
				CLANG_WARN_UNREACHABLE_CODE = YES;
				CLANG_WARN__DUPLICATE_METHOD_MATCH = YES;
				"CODE_SIGN_IDENTITY[sdk=iphoneos*]" = "iPhone Developer";
				COPY_PHASE_STRIP = NO;
				DEBUG_INFORMATION_FORMAT = dwarf;
				ENABLE_STRICT_OBJC_MSGSEND = YES;
				ENABLE_TESTABILITY = YES;
				GCC_C_LANGUAGE_STANDARD = gnu99;
				GCC_DYNAMIC_NO_PIC = NO;
				GCC_NO_COMMON_BLOCKS = YES;
				GCC_OPTIMIZATION_LEVEL = 0;
				GCC_PREPROCESSOR_DEFINITIONS = (
					"DEBUG=1",
					"$(inherited)",
				);
				GCC_WARN_64_TO_32_BIT_CONVERSION = YES;
				GCC_WARN_ABOUT_RETURN_TYPE = YES_ERROR;
				GCC_WARN_UNDECLARED_SELECTOR = YES;
				GCC_WARN_UNINITIALIZED_AUTOS = YES_AGGRESSIVE;
				GCC_WARN_UNUSED_FUNCTION = YES;
				GCC_WARN_UNUSED_VARIABLE = YES;
				IPHONEOS_DEPLOYMENT_TARGET = 10.3;
				MTL_ENABLE_DEBUG_INFO = YES;
				ONLY_ACTIVE_ARCH = YES;
				SDKROOT = iphoneos;
			};
			name = Debug;
		};
		D341C6F11FC42037008C9F25 /* Release */ = {
			isa = XCBuildConfiguration;
			buildSettings = {
				ALWAYS_SEARCH_USER_PATHS = NO;
				CLANG_ANALYZER_NONNULL = YES;
				CLANG_ANALYZER_NUMBER_OBJECT_CONVERSION = YES_AGGRESSIVE;
				CLANG_CXX_LANGUAGE_STANDARD = "gnu++0x";
				CLANG_CXX_LIBRARY = "libc++";
				CLANG_ENABLE_MODULES = YES;
				CLANG_ENABLE_OBJC_ARC = YES;
				CLANG_WARN_BOOL_CONVERSION = YES;
				CLANG_WARN_CONSTANT_CONVERSION = YES;
				CLANG_WARN_DIRECT_OBJC_ISA_USAGE = YES_ERROR;
				CLANG_WARN_DOCUMENTATION_COMMENTS = YES;
				CLANG_WARN_EMPTY_BODY = YES;
				CLANG_WARN_ENUM_CONVERSION = YES;
				CLANG_WARN_INFINITE_RECURSION = YES;
				CLANG_WARN_INT_CONVERSION = YES;
				CLANG_WARN_OBJC_ROOT_CLASS = YES_ERROR;
				CLANG_WARN_SUSPICIOUS_MOVE = YES;
				CLANG_WARN_UNREACHABLE_CODE = YES;
				CLANG_WARN__DUPLICATE_METHOD_MATCH = YES;
				"CODE_SIGN_IDENTITY[sdk=iphoneos*]" = "iPhone Developer";
				COPY_PHASE_STRIP = NO;
				DEBUG_INFORMATION_FORMAT = "dwarf-with-dsym";
				ENABLE_NS_ASSERTIONS = NO;
				ENABLE_STRICT_OBJC_MSGSEND = YES;
				GCC_C_LANGUAGE_STANDARD = gnu99;
				GCC_NO_COMMON_BLOCKS = YES;
				GCC_WARN_64_TO_32_BIT_CONVERSION = YES;
				GCC_WARN_ABOUT_RETURN_TYPE = YES_ERROR;
				GCC_WARN_UNDECLARED_SELECTOR = YES;
				GCC_WARN_UNINITIALIZED_AUTOS = YES_AGGRESSIVE;
				GCC_WARN_UNUSED_FUNCTION = YES;
				GCC_WARN_UNUSED_VARIABLE = YES;
				IPHONEOS_DEPLOYMENT_TARGET = 10.3;
				MTL_ENABLE_DEBUG_INFO = NO;
				SDKROOT = iphoneos;
				VALIDATE_PRODUCT = YES;
			};
			name = Release;
		};
		D341C6F31FC42037008C9F25 /* Debug */ = {
			isa = XCBuildConfiguration;
			buildSettings = {
				ASSETCATALOG_COMPILER_APPICON_NAME = AppIcon;
				DEVELOPMENT_TEAM = DY8NXRF8KD;
				INFOPLIST_FILE = LLPieView/Info.plist;
				IPHONEOS_DEPLOYMENT_TARGET = 8.0;
				LD_RUNPATH_SEARCH_PATHS = "$(inherited) @executable_path/Frameworks";
				PRODUCT_BUNDLE_IDENTIFIER = LOLITA0164.LLPieView;
				PRODUCT_NAME = "$(TARGET_NAME)";
			};
			name = Debug;
		};
		D341C6F41FC42037008C9F25 /* Release */ = {
			isa = XCBuildConfiguration;
			buildSettings = {
				ASSETCATALOG_COMPILER_APPICON_NAME = AppIcon;
				DEVELOPMENT_TEAM = DY8NXRF8KD;
				INFOPLIST_FILE = LLPieView/Info.plist;
				IPHONEOS_DEPLOYMENT_TARGET = 8.0;
				LD_RUNPATH_SEARCH_PATHS = "$(inherited) @executable_path/Frameworks";
				PRODUCT_BUNDLE_IDENTIFIER = LOLITA0164.LLPieView;
				PRODUCT_NAME = "$(TARGET_NAME)";
			};
			name = Release;
		};
/* End XCBuildConfiguration section */

/* Begin XCConfigurationList section */
		D341C6D61FC42037008C9F25 /* Build configuration list for PBXProject "LLPieView" */ = {
			isa = XCConfigurationList;
			buildConfigurations = (
				D341C6F01FC42037008C9F25 /* Debug */,
				D341C6F11FC42037008C9F25 /* Release */,
			);
			defaultConfigurationIsVisible = 0;
			defaultConfigurationName = Release;
		};
		D341C6F21FC42037008C9F25 /* Build configuration list for PBXNativeTarget "LLPieView" */ = {
			isa = XCConfigurationList;
			buildConfigurations = (
				D341C6F31FC42037008C9F25 /* Debug */,
				D341C6F41FC42037008C9F25 /* Release */,
			);
			defaultConfigurationIsVisible = 0;
			defaultConfigurationName = Release;
		};
/* End XCConfigurationList section */
	};
	rootObject = D341C6D31FC42037008C9F25 /* Project object */;
}
